
Microsoft Visual Studio Solution File, Format Version 12.00
# Visual Studio Version 17
VisualStudioVersion = 17.5.33414.496
MinimumVisualStudioVersion = 10.0.40219.1
Project("{FAE04EC0-301F-11D3-BF4B-00C04F79EFBC}") = "Notepad App", "Notepad App\Notepad App.csproj", "{EFC744D5-0BBD-4864-A776-AAECAD0B9317}"
EndProject
Global
	GlobalSection(SolutionConfigurationPlatforms) = preSolution
		Debug|Any CPU = Debug|Any CPU
		Release|Any CPU = Release|Any CPU
	EndGlobalSection
	GlobalSection(ProjectConfigurationPlatforms) = postSolution
		{EFC744D5-0BBD-4864-A776-AAECAD0B9317}.Debug|Any CPU.ActiveCfg = Debug|Any CPU
		{EFC744D5-0BBD-4864-A776-AAECAD0B9317}.Debug|Any CPU.Build.0 = Debug|Any CPU
		{EFC744D5-0BBD-4864-A776-AAECAD0B9317}.Release|Any CPU.ActiveCfg = Release|Any CPU
		{EFC744D5-0BBD-4864-A776-AAECAD0B9317}.Release|Any CPU.Build.0 = Release|Any CPU
	EndGlobalSection
	GlobalSection(SolutionProperties) = preSolution
		HideSolutionNode = FALSE
	EndGlobalSection
	GlobalSection(ExtensibilityGlobals) = postSolution
		SolutionGuid = {F121FF5D-B270-4DA4-B0CC-10635BF6499E}
	EndGlobalSection
EndGlobal
